
Microsoft Visual Studio Solution File, Format Version 12.00
# Blend for Visual Studio Version 17
VisualStudioVersion = 17.0.32014.148
MinimumVisualStudioVersion = 10.0.40219.1
Project("{9A19103F-16F7-4668-BE54-9A1E7A4F7556}") = "WpfApp3", "WpfApp3\WpfApp3.csproj", "{C263D049-3E21-4B16-8E5D-CB8BCEFC9C71}"
EndProject
Global
	GlobalSection(SolutionConfigurationPlatforms) = preSolution
		Debug|Any CPU = Debug|Any CPU
		Release|Any CPU = Release|Any CPU
	EndGlobalSection
	GlobalSection(ProjectConfigurationPlatforms) = postSolution
		{C263D049-3E21-4B16-8E5D-CB8BCEFC9C71}.Debug|Any CPU.ActiveCfg = Debug|Any CPU
		{C263D049-3E21-4B16-8E5D-CB8BCEFC9C71}.Debug|Any CPU.Build.0 = Debug|Any CPU
		{C263D049-3E21-4B16-8E5D-CB8BCEFC9C71}.Release|Any CPU.ActiveCfg = Release|Any CPU
		{C263D049-3E21-4B16-8E5D-CB8BCEFC9C71}.Release|Any CPU.Build.0 = Release|Any CPU
	EndGlobalSection
	GlobalSection(SolutionProperties) = preSolution
		HideSolutionNode = FALSE
	EndGlobalSection
	GlobalSection(ExtensibilityGlobals) = postSolution
		SolutionGuid = {ACA61C4A-3D24-46BE-AB38-EE55CF57C6D5}
	EndGlobalSection
EndGlobal
